
Microsoft Visual Studio Solution File, Format Version 12.00
# Visual Studio Version 17
VisualStudioVersion = 17.5.33424.131
MinimumVisualStudioVersion = 10.0.40219.1
Project("{FAE04EC0-301F-11D3-BF4B-00C04F79EFBC}") = "ResultManagment", "ResultManagment\ResultManagment.csproj", "{4897D188-1399-45C1-85DC-3B08BF41FC3C}"
EndProject
Global
	GlobalSection(SolutionConfigurationPlatforms) = preSolution
		Debug|Any CPU = Debug|Any CPU
		Release|Any CPU = Release|Any CPU
	EndGlobalSection
	GlobalSection(ProjectConfigurationPlatforms) = postSolution
		{4897D188-1399-45C1-85DC-3B08BF41FC3C}.Debug|Any CPU.ActiveCfg = Debug|Any CPU
		{4897D188-1399-45C1-85DC-3B08BF41FC3C}.Debug|Any CPU.Build.0 = Debug|Any CPU
		{4897D188-1399-45C1-85DC-3B08BF41FC3C}.Release|Any CPU.ActiveCfg = Release|Any CPU
		{4897D188-1399-45C1-85DC-3B08BF41FC3C}.Release|Any CPU.Build.0 = Release|Any CPU
	EndGlobalSection
	GlobalSection(SolutionProperties) = preSolution
		HideSolutionNode = FALSE
	EndGlobalSection
	GlobalSection(ExtensibilityGlobals) = postSolution
		SolutionGuid = {73D9F66F-1FA1-4866-8F7C-AD577CDD454F}
	EndGlobalSection
EndGlobal
